
Microsoft Visual Studio Solution File, Format Version 12.00
# Visual Studio Version 16
VisualStudioVersion = 16.0.28803.452
MinimumVisualStudioVersion = 10.0.40219.1
Project("{9A19103F-16F7-4668-BE54-9A1E7A4F7556}") = "Apex.Runtime", "src\Apex.Runtime.csproj", "{C6C82B0F-F4A0-4E90-B079-059A3000F303}"
EndProject
Project("{9A19103F-16F7-4668-BE54-9A1E7A4F7556}") = "Apex.Runtime.Tests", "tests\Apex.Runtime.Tests\Apex.Runtime.Tests.csproj", "{6ACF4D4A-8CB8-4043-865C-5B4F0C8C4E50}"
EndProject
Project("{9A19103F-16F7-4668-BE54-9A1E7A4F7556}") = "Benchmarks", "Benchmarks\Benchmarks.csproj", "{B36DE1A4-A269-4C7C-9CDE-0265B4DEBB9D}"
EndProject
Project("{2150E333-8FDC-42A3-9474-1A3956D46DE8}") = "Solution Items", "Solution Items", "{90FFBD1A-B721-4E34-A02D-9CB5377557FE}"
	ProjectSection(SolutionItems) = preProject
		azure-pipelines.yml = azure-pipelines.yml
	EndProjectSection
EndProject
Global
	GlobalSection(SolutionConfigurationPlatforms) = preSolution
		Debug|Any CPU = Debug|Any CPU
		Release|Any CPU = Release|Any CPU
	EndGlobalSection
	GlobalSection(ProjectConfigurationPlatforms) = postSolution
		{C6C82B0F-F4A0-4E90-B079-059A3000F303}.Debug|Any CPU.ActiveCfg = Debug|Any CPU
		{C6C82B0F-F4A0-4E90-B079-059A3000F303}.Debug|Any CPU.Build.0 = Debug|Any CPU
		{C6C82B0F-F4A0-4E90-B079-059A3000F303}.Release|Any CPU.ActiveCfg = Release|Any CPU
		{C6C82B0F-F4A0-4E90-B079-059A3000F303}.Release|Any CPU.Build.0 = Release|Any CPU
		{6ACF4D4A-8CB8-4043-865C-5B4F0C8C4E50}.Debug|Any CPU.ActiveCfg = Debug|Any CPU
		{6ACF4D4A-8CB8-4043-865C-5B4F0C8C4E50}.Debug|Any CPU.Build.0 = Debug|Any CPU
		{6ACF4D4A-8CB8-4043-865C-5B4F0C8C4E50}.Release|Any CPU.ActiveCfg = Release|Any CPU
		{6ACF4D4A-8CB8-4043-865C-5B4F0C8C4E50}.Release|Any CPU.Build.0 = Release|Any CPU
		{B36DE1A4-A269-4C7C-9CDE-0265B4DEBB9D}.Debug|Any CPU.ActiveCfg = Debug|Any CPU
		{B36DE1A4-A269-4C7C-9CDE-0265B4DEBB9D}.Debug|Any CPU.Build.0 = Debug|Any CPU
		{B36DE1A4-A269-4C7C-9CDE-0265B4DEBB9D}.Release|Any CPU.ActiveCfg = Release|Any CPU
		{B36DE1A4-A269-4C7C-9CDE-0265B4DEBB9D}.Release|Any CPU.Build.0 = Release|Any CPU
	EndGlobalSection
	GlobalSection(SolutionProperties) = preSolution
		HideSolutionNode = FALSE
	EndGlobalSection
	GlobalSection(ExtensibilityGlobals) = postSolution
		SolutionGuid = {4B34DADE-5AB5-4DF9-BBAF-5BC5EA9DF8B8}
	EndGlobalSection
EndGlobal
